
Microsoft Visual Studio Solution File, Format Version 12.00
# Visual Studio 14
VisualStudioVersion = 14.0.21730.1
MinimumVisualStudioVersion = 10.0.40219.1
Project("{FAE04EC0-301F-11D3-BF4B-00C04F79EFBC}") = "ICSharpCode.Decompiler", "ICSharpCode.Decompiler\ICSharpCode.Decompiler.csproj", "{57311CEC-9F61-4A87-B4E7-296C6E389F62}"
EndProject
Project("{FAE04EC0-301F-11D3-BF4B-00C04F79EFBC}") = "ICSharpCode.Decompiler.Tests", "ICSharpCode.Decompiler.Tests\ICSharpCode.Decompiler.Tests.csproj", "{9FB374F5-5969-4181-9519-6428ECF7F877}"
EndProject
Project("{2150E333-8FDC-42A3-9474-1A3956D46DE8}") = "Documentation", "Documentation", "{22C81C95-13BA-4B18-9080-B57958059D83}"
	ProjectSection(SolutionItems) = preProject
		Metadata and Typesystems.txt = Metadata and Typesystems.txt
	EndProjectSection
EndProject
Global
	GlobalSection(SolutionConfigurationPlatforms) = preSolution
		Debug|Any CPU = Debug|Any CPU
		Release|Any CPU = Release|Any CPU
	EndGlobalSection
	GlobalSection(ProjectConfigurationPlatforms) = postSolution
		{57311CEC-9F61-4A87-B4E7-296C6E389F62}.Debug|Any CPU.ActiveCfg = Debug|Any CPU
		{57311CEC-9F61-4A87-B4E7-296C6E389F62}.Debug|Any CPU.Build.0 = Debug|Any CPU
		{57311CEC-9F61-4A87-B4E7-296C6E389F62}.Release|Any CPU.ActiveCfg = Release|Any CPU
		{57311CEC-9F61-4A87-B4E7-296C6E389F62}.Release|Any CPU.Build.0 = Release|Any CPU
		{9FB374F5-5969-4181-9519-6428ECF7F877}.Debug|Any CPU.ActiveCfg = Debug|Any CPU
		{9FB374F5-5969-4181-9519-6428ECF7F877}.Debug|Any CPU.Build.0 = Debug|Any CPU
		{9FB374F5-5969-4181-9519-6428ECF7F877}.Release|Any CPU.ActiveCfg = Release|Any CPU
		{9FB374F5-5969-4181-9519-6428ECF7F877}.Release|Any CPU.Build.0 = Release|Any CPU
	EndGlobalSection
	GlobalSection(SolutionProperties) = preSolution
		HideSolutionNode = FALSE
	EndGlobalSection
EndGlobal
